
Microsoft Visual Studio Solution File, Format Version 12.00
# Visual Studio 15
Project("{FAE04EC0-301F-11D3-BF4B-00C04F79EFBC}") = "Assembly-CSharp", "Assembly-CSharp.csproj", "{0B49DE99-21E7-F98A-4652-62B516165770}"
EndProject
Project("{FAE04EC0-301F-11D3-BF4B-00C04F79EFBC}") = "Oculus.VR", "Oculus.VR.csproj", "{9339122B-033E-A377-8C9F-414BAA427DD5}"
EndProject
Project("{FAE04EC0-301F-11D3-BF4B-00C04F79EFBC}") = "Oculus.Platform", "Oculus.Platform.csproj", "{5A2977D8-7C31-E201-C0DA-37821EA97F30}"
EndProject
Project("{FAE04EC0-301F-11D3-BF4B-00C04F79EFBC}") = "Assembly-CSharp-Editor", "Assembly-CSharp-Editor.csproj", "{2A53164F-3C3D-E8C1-B18D-D9813F996C65}"
EndProject
Project("{FAE04EC0-301F-11D3-BF4B-00C04F79EFBC}") = "Oculus.VR.Scripts.Editor", "Oculus.VR.Scripts.Editor.csproj", "{14C02887-796E-5ABB-5EBA-6419C20C1607}"
EndProject
Project("{FAE04EC0-301F-11D3-BF4B-00C04F79EFBC}") = "Oculus.VR.Editor", "Oculus.VR.Editor.csproj", "{AB04DFFF-F76D-8395-72D8-2E3FC58F4D2B}"
EndProject
Project("{FAE04EC0-301F-11D3-BF4B-00C04F79EFBC}") = "Oculus.Platform.Editor", "Oculus.Platform.Editor.csproj", "{E83F1C93-A439-98B9-D97E-295256854A76}"
EndProject
Global
	GlobalSection(SolutionConfigurationPlatforms) = preSolution
		Debug|Any CPU = Debug|Any CPU
		Release|Any CPU = Release|Any CPU
	EndGlobalSection
	GlobalSection(ProjectConfigurationPlatforms) = postSolution
		{0B49DE99-21E7-F98A-4652-62B516165770}.Debug|Any CPU.ActiveCfg = Debug|Any CPU
		{0B49DE99-21E7-F98A-4652-62B516165770}.Debug|Any CPU.Build.0 = Debug|Any CPU
		{0B49DE99-21E7-F98A-4652-62B516165770}.Release|Any CPU.ActiveCfg = Release|Any CPU
		{0B49DE99-21E7-F98A-4652-62B516165770}.Release|Any CPU.Build.0 = Release|Any CPU
		{9339122B-033E-A377-8C9F-414BAA427DD5}.Debug|Any CPU.ActiveCfg = Debug|Any CPU
		{9339122B-033E-A377-8C9F-414BAA427DD5}.Debug|Any CPU.Build.0 = Debug|Any CPU
		{9339122B-033E-A377-8C9F-414BAA427DD5}.Release|Any CPU.ActiveCfg = Release|Any CPU
		{9339122B-033E-A377-8C9F-414BAA427DD5}.Release|Any CPU.Build.0 = Release|Any CPU
		{5A2977D8-7C31-E201-C0DA-37821EA97F30}.Debug|Any CPU.ActiveCfg = Debug|Any CPU
		{5A2977D8-7C31-E201-C0DA-37821EA97F30}.Debug|Any CPU.Build.0 = Debug|Any CPU
		{5A2977D8-7C31-E201-C0DA-37821EA97F30}.Release|Any CPU.ActiveCfg = Release|Any CPU
		{5A2977D8-7C31-E201-C0DA-37821EA97F30}.Release|Any CPU.Build.0 = Release|Any CPU
		{2A53164F-3C3D-E8C1-B18D-D9813F996C65}.Debug|Any CPU.ActiveCfg = Debug|Any CPU
		{2A53164F-3C3D-E8C1-B18D-D9813F996C65}.Debug|Any CPU.Build.0 = Debug|Any CPU
		{2A53164F-3C3D-E8C1-B18D-D9813F996C65}.Release|Any CPU.ActiveCfg = Release|Any CPU
		{2A53164F-3C3D-E8C1-B18D-D9813F996C65}.Release|Any CPU.Build.0 = Release|Any CPU
		{14C02887-796E-5ABB-5EBA-6419C20C1607}.Debug|Any CPU.ActiveCfg = Debug|Any CPU
		{14C02887-796E-5ABB-5EBA-6419C20C1607}.Debug|Any CPU.Build.0 = Debug|Any CPU
		{14C02887-796E-5ABB-5EBA-6419C20C1607}.Release|Any CPU.ActiveCfg = Release|Any CPU
		{14C02887-796E-5ABB-5EBA-6419C20C1607}.Release|Any CPU.Build.0 = Release|Any CPU
		{AB04DFFF-F76D-8395-72D8-2E3FC58F4D2B}.Debug|Any CPU.ActiveCfg = Debug|Any CPU
		{AB04DFFF-F76D-8395-72D8-2E3FC58F4D2B}.Debug|Any CPU.Build.0 = Debug|Any CPU
		{AB04DFFF-F76D-8395-72D8-2E3FC58F4D2B}.Release|Any CPU.ActiveCfg = Release|Any CPU
		{AB04DFFF-F76D-8395-72D8-2E3FC58F4D2B}.Release|Any CPU.Build.0 = Release|Any CPU
		{E83F1C93-A439-98B9-D97E-295256854A76}.Debug|Any CPU.ActiveCfg = Debug|Any CPU
		{E83F1C93-A439-98B9-D97E-295256854A76}.Debug|Any CPU.Build.0 = Debug|Any CPU
		{E83F1C93-A439-98B9-D97E-295256854A76}.Release|Any CPU.ActiveCfg = Release|Any CPU
		{E83F1C93-A439-98B9-D97E-295256854A76}.Release|Any CPU.Build.0 = Release|Any CPU
	EndGlobalSection
	GlobalSection(SolutionProperties) = preSolution
		HideSolutionNode = FALSE
	EndGlobalSection
EndGlobal
