
Microsoft Visual Studio Solution File, Format Version 11.00
# Visual Studio 2010
Project("{FAE04EC0-301F-11D3-BF4B-00C04F79EFBC}") = "PhotonUnityNetworking.Demos", "PhotonUnityNetworking.Demos.csproj", "{75E6B0AA-C125-10EB-2B93-190E6ED320BD}"
EndProject
Project("{FAE04EC0-301F-11D3-BF4B-00C04F79EFBC}") = "PhotonUnityNetworking.Utilities", "PhotonUnityNetworking.Utilities.csproj", "{15648CE9-E4C9-E2EC-DB17-BFF3726CCE40}"
EndProject
Project("{FAE04EC0-301F-11D3-BF4B-00C04F79EFBC}") = "PhotonChat", "PhotonChat.csproj", "{19F6680A-6612-06A2-04AC-8A6ACA8830AF}"
EndProject
Project("{FAE04EC0-301F-11D3-BF4B-00C04F79EFBC}") = "PhotonUnityNetworking", "PhotonUnityNetworking.csproj", "{E083C028-CCAF-34E6-5EA6-6EF09D9B8C8F}"
EndProject
Project("{FAE04EC0-301F-11D3-BF4B-00C04F79EFBC}") = "Assembly-CSharp", "Assembly-CSharp.csproj", "{D05756B4-EBB6-C56F-0A9D-B437A646D17C}"
EndProject
Project("{FAE04EC0-301F-11D3-BF4B-00C04F79EFBC}") = "PhotonRealtime", "PhotonRealtime.csproj", "{DC1641E4-AE8B-C8B8-5F8E-5B7F60835E0A}"
EndProject
Project("{FAE04EC0-301F-11D3-BF4B-00C04F79EFBC}") = "PhotonWebSocket", "PhotonWebSocket.csproj", "{82F8385C-86B5-DFEF-E394-E6E8ED5BACD1}"
EndProject
Project("{FAE04EC0-301F-11D3-BF4B-00C04F79EFBC}") = "PhotonUnityNetworking.Editor", "PhotonUnityNetworking.Editor.csproj", "{7A7C886A-26EB-1709-8BEB-5B0423FF7C4C}"
EndProject
Project("{FAE04EC0-301F-11D3-BF4B-00C04F79EFBC}") = "PunDemos.DemoHubEditor", "PunDemos.DemoHubEditor.csproj", "{6808CEA7-1783-78D6-853F-517D99D763F7}"
EndProject
Project("{FAE04EC0-301F-11D3-BF4B-00C04F79EFBC}") = "PhotonUnityNetworking.Utilities.PhotonPlayer.Editor", "PhotonUnityNetworking.Utilities.PhotonPlayer.Editor.csproj", "{645909B6-6698-AA0E-F8DC-C743AD958963}"
EndProject
Project("{FAE04EC0-301F-11D3-BF4B-00C04F79EFBC}") = "PhotonUnityNetworking.Utilities.Culling.Editor", "PhotonUnityNetworking.Utilities.Culling.Editor.csproj", "{E201840B-AD14-C225-9955-9B07B16D4B1D}"
EndProject
Project("{FAE04EC0-301F-11D3-BF4B-00C04F79EFBC}") = "PunDemos.DemoSlotcarEditor", "PunDemos.DemoSlotcarEditor.csproj", "{EA1E9915-4F6B-AD5B-8F04-EC12464890EE}"
EndProject
Global
	GlobalSection(SolutionConfigurationPlatforms) = preSolution
		Debug|Any CPU = Debug|Any CPU
		Release|Any CPU = Release|Any CPU
	EndGlobalSection
	GlobalSection(ProjectConfigurationPlatforms) = postSolution
		{75E6B0AA-C125-10EB-2B93-190E6ED320BD}.Debug|Any CPU.ActiveCfg = Debug|Any CPU
		{75E6B0AA-C125-10EB-2B93-190E6ED320BD}.Debug|Any CPU.Build.0 = Debug|Any CPU
		{75E6B0AA-C125-10EB-2B93-190E6ED320BD}.Release|Any CPU.ActiveCfg = Release|Any CPU
		{75E6B0AA-C125-10EB-2B93-190E6ED320BD}.Release|Any CPU.Build.0 = Release|Any CPU
		{15648CE9-E4C9-E2EC-DB17-BFF3726CCE40}.Debug|Any CPU.ActiveCfg = Debug|Any CPU
		{15648CE9-E4C9-E2EC-DB17-BFF3726CCE40}.Debug|Any CPU.Build.0 = Debug|Any CPU
		{15648CE9-E4C9-E2EC-DB17-BFF3726CCE40}.Release|Any CPU.ActiveCfg = Release|Any CPU
		{15648CE9-E4C9-E2EC-DB17-BFF3726CCE40}.Release|Any CPU.Build.0 = Release|Any CPU
		{19F6680A-6612-06A2-04AC-8A6ACA8830AF}.Debug|Any CPU.ActiveCfg = Debug|Any CPU
		{19F6680A-6612-06A2-04AC-8A6ACA8830AF}.Debug|Any CPU.Build.0 = Debug|Any CPU
		{19F6680A-6612-06A2-04AC-8A6ACA8830AF}.Release|Any CPU.ActiveCfg = Release|Any CPU
		{19F6680A-6612-06A2-04AC-8A6ACA8830AF}.Release|Any CPU.Build.0 = Release|Any CPU
		{E083C028-CCAF-34E6-5EA6-6EF09D9B8C8F}.Debug|Any CPU.ActiveCfg = Debug|Any CPU
		{E083C028-CCAF-34E6-5EA6-6EF09D9B8C8F}.Debug|Any CPU.Build.0 = Debug|Any CPU
		{E083C028-CCAF-34E6-5EA6-6EF09D9B8C8F}.Release|Any CPU.ActiveCfg = Release|Any CPU
		{E083C028-CCAF-34E6-5EA6-6EF09D9B8C8F}.Release|Any CPU.Build.0 = Release|Any CPU
		{D05756B4-EBB6-C56F-0A9D-B437A646D17C}.Debug|Any CPU.ActiveCfg = Debug|Any CPU
		{D05756B4-EBB6-C56F-0A9D-B437A646D17C}.Debug|Any CPU.Build.0 = Debug|Any CPU
		{D05756B4-EBB6-C56F-0A9D-B437A646D17C}.Release|Any CPU.ActiveCfg = Release|Any CPU
		{D05756B4-EBB6-C56F-0A9D-B437A646D17C}.Release|Any CPU.Build.0 = Release|Any CPU
		{DC1641E4-AE8B-C8B8-5F8E-5B7F60835E0A}.Debug|Any CPU.ActiveCfg = Debug|Any CPU
		{DC1641E4-AE8B-C8B8-5F8E-5B7F60835E0A}.Debug|Any CPU.Build.0 = Debug|Any CPU
		{DC1641E4-AE8B-C8B8-5F8E-5B7F60835E0A}.Release|Any CPU.ActiveCfg = Release|Any CPU
		{DC1641E4-AE8B-C8B8-5F8E-5B7F60835E0A}.Release|Any CPU.Build.0 = Release|Any CPU
		{82F8385C-86B5-DFEF-E394-E6E8ED5BACD1}.Debug|Any CPU.ActiveCfg = Debug|Any CPU
		{82F8385C-86B5-DFEF-E394-E6E8ED5BACD1}.Debug|Any CPU.Build.0 = Debug|Any CPU
		{82F8385C-86B5-DFEF-E394-E6E8ED5BACD1}.Release|Any CPU.ActiveCfg = Release|Any CPU
		{82F8385C-86B5-DFEF-E394-E6E8ED5BACD1}.Release|Any CPU.Build.0 = Release|Any CPU
		{7A7C886A-26EB-1709-8BEB-5B0423FF7C4C}.Debug|Any CPU.ActiveCfg = Debug|Any CPU
		{7A7C886A-26EB-1709-8BEB-5B0423FF7C4C}.Debug|Any CPU.Build.0 = Debug|Any CPU
		{7A7C886A-26EB-1709-8BEB-5B0423FF7C4C}.Release|Any CPU.ActiveCfg = Release|Any CPU
		{7A7C886A-26EB-1709-8BEB-5B0423FF7C4C}.Release|Any CPU.Build.0 = Release|Any CPU
		{6808CEA7-1783-78D6-853F-517D99D763F7}.Debug|Any CPU.ActiveCfg = Debug|Any CPU
		{6808CEA7-1783-78D6-853F-517D99D763F7}.Debug|Any CPU.Build.0 = Debug|Any CPU
		{6808CEA7-1783-78D6-853F-517D99D763F7}.Release|Any CPU.ActiveCfg = Release|Any CPU
		{6808CEA7-1783-78D6-853F-517D99D763F7}.Release|Any CPU.Build.0 = Release|Any CPU
		{645909B6-6698-AA0E-F8DC-C743AD958963}.Debug|Any CPU.ActiveCfg = Debug|Any CPU
		{645909B6-6698-AA0E-F8DC-C743AD958963}.Debug|Any CPU.Build.0 = Debug|Any CPU
		{645909B6-6698-AA0E-F8DC-C743AD958963}.Release|Any CPU.ActiveCfg = Release|Any CPU
		{645909B6-6698-AA0E-F8DC-C743AD958963}.Release|Any CPU.Build.0 = Release|Any CPU
		{E201840B-AD14-C225-9955-9B07B16D4B1D}.Debug|Any CPU.ActiveCfg = Debug|Any CPU
		{E201840B-AD14-C225-9955-9B07B16D4B1D}.Debug|Any CPU.Build.0 = Debug|Any CPU
		{E201840B-AD14-C225-9955-9B07B16D4B1D}.Release|Any CPU.ActiveCfg = Release|Any CPU
		{E201840B-AD14-C225-9955-9B07B16D4B1D}.Release|Any CPU.Build.0 = Release|Any CPU
		{EA1E9915-4F6B-AD5B-8F04-EC12464890EE}.Debug|Any CPU.ActiveCfg = Debug|Any CPU
		{EA1E9915-4F6B-AD5B-8F04-EC12464890EE}.Debug|Any CPU.Build.0 = Debug|Any CPU
		{EA1E9915-4F6B-AD5B-8F04-EC12464890EE}.Release|Any CPU.ActiveCfg = Release|Any CPU
		{EA1E9915-4F6B-AD5B-8F04-EC12464890EE}.Release|Any CPU.Build.0 = Release|Any CPU
	EndGlobalSection
	GlobalSection(SolutionProperties) = preSolution
		HideSolutionNode = FALSE
	EndGlobalSection
EndGlobal
